github.com/aws/aws-sdk-go-v2 v1.40.0 h1:/WMUA0kjhZExjOQN2z3oLALDREea1A7TobfuiBrKlwc=
github.com/aws/aws-sdk-go-v2 v1.40.0/go.mod h1:c9pm7VwuW0UPxAEYGyTmyurVcNrbF6Rt/wixFqDhcjE=
github.com/aws/aws-sdk-go-v2/aws/protocol/eventstream v1.7.1 h1:i8p8P4diljCr60PpJp6qZXNlgX4m2yQFpYk+9ZT+J4E=
github.com/aws/aws-sdk-go-v2/aws/protocol/eventstream v1.7.1/go.mod h1:ddqbooRZYNoJ2dsTwOty16rM+/Aqmk/GOXrK8cg7V00=
github.com/aws/aws-sdk-go-v2/credentials v1.19.0 h1:7zm+ez+qEqLaNsCSRaistkvJRJv8sByDOVuCnyHbP7M=
github.com/aws/aws-sdk-go-v2/credentials v1.19.0/go.mod h1:pHKPblrT7hqFGkNLxqoS3FlGoPrQg4hMIa+4asZzBfs=
github.com/aws/smithy-go v1.24.0 h1:LpilSUItNPFr1eY85RYgTIg5eIEPtvFbskaFcmmIUnk=
github.com/aws/smithy-go v1.24.0/go.mod h1:LEj2LM3rBRQJxPZTB4KuzZkaZYnZPnvgIhb4pu07mx0=
github.com/odysseythink/mlog v0.2.2 h1:QRKaAULPLc2y4b/JH+DVn//jqeWS4VA4qCleV9SCLKQ=
github.com/odysseythink/mlog v0.2.2/go.mod h1:Yuupx49eqCo2iFNbQgJyx8gBVw/FTVF7uHWj3w/vS/s=
